
Microsoft Visual Studio Solution File, Format Version 12.00
# Visual Studio Version 16
VisualStudioVersion = 16.0.30413.136
MinimumVisualStudioVersion = 10.0.40219.1
Project("{FAE04EC0-301F-11D3-BF4B-00C04F79EFBC}") = "list-methods", "list-methods\list-methods.csproj", "{CCC6C59E-28F9-48F0-AA54-3FA8F827F9B3}"
EndProject
Global
	GlobalSection(SolutionConfigurationPlatforms) = preSolution
		Debug|Any CPU = Debug|Any CPU
		Release|Any CPU = Release|Any CPU
	EndGlobalSection
	GlobalSection(ProjectConfigurationPlatforms) = postSolution
		{CCC6C59E-28F9-48F0-AA54-3FA8F827F9B3}.Debug|Any CPU.ActiveCfg = Debug|Any CPU
		{CCC6C59E-28F9-48F0-AA54-3FA8F827F9B3}.Debug|Any CPU.Build.0 = Debug|Any CPU
		{CCC6C59E-28F9-48F0-AA54-3FA8F827F9B3}.Release|Any CPU.ActiveCfg = Release|Any CPU
		{CCC6C59E-28F9-48F0-AA54-3FA8F827F9B3}.Release|Any CPU.Build.0 = Release|Any CPU
	EndGlobalSection
	GlobalSection(SolutionProperties) = preSolution
		HideSolutionNode = FALSE
	EndGlobalSection
	GlobalSection(ExtensibilityGlobals) = postSolution
		SolutionGuid = {D29316E3-5FBD-4CF1-A8FB-8AB3A50AEF1B}
	EndGlobalSection
EndGlobal
